
Microsoft Visual Studio Solution File, Format Version 12.00
# Visual Studio Version 17
VisualStudioVersion = 17.7.34031.279
MinimumVisualStudioVersion = 10.0.40219.1
Project("{FAE04EC0-301F-11D3-BF4B-00C04F79EFBC}") = "OOP", "OOP.csproj", "{4D381474-ED75-4470-8A1D-4B54626C0730}"
EndProject
Global
	GlobalSection(SolutionConfigurationPlatforms) = preSolution
		Debug|Any CPU = Debug|Any CPU
		Release|Any CPU = Release|Any CPU
	EndGlobalSection
	GlobalSection(ProjectConfigurationPlatforms) = postSolution
		{4D381474-ED75-4470-8A1D-4B54626C0730}.Debug|Any CPU.ActiveCfg = Debug|Any CPU
		{4D381474-ED75-4470-8A1D-4B54626C0730}.Debug|Any CPU.Build.0 = Debug|Any CPU
		{4D381474-ED75-4470-8A1D-4B54626C0730}.Release|Any CPU.ActiveCfg = Release|Any CPU
		{4D381474-ED75-4470-8A1D-4B54626C0730}.Release|Any CPU.Build.0 = Release|Any CPU
	EndGlobalSection
	GlobalSection(SolutionProperties) = preSolution
		HideSolutionNode = FALSE
	EndGlobalSection
	GlobalSection(ExtensibilityGlobals) = postSolution
		SolutionGuid = {E952542D-3B93-4ED2-A204-30AC1EBD66FF}
	EndGlobalSection
EndGlobal
